PODS:
  - Flutter (1.0.0)
  - Intercom (7.1.3)
  - intercom_flutter (2.1.1):
    - Flutter
    - Intercom (~> 7.1.0)

DEPENDENCIES:
  - Flutter (from `Flutter`)
  - intercom_flutter (from `.symlinks/plugins/intercom_flutter/ios`)

SPEC REPOS:
  trunk:
    - Intercom

EXTERNAL SOURCES:
  Flutter:
    :path: Flutter
  intercom_flutter:
    :path: ".symlinks/plugins/intercom_flutter/ios"

SPEC CHECKSUMS:
  Flutter: 0e3d915762c693b495b44d77113d4970485de6ec
  Intercom: e44b10bbc38ccf6494c76f9bee4e2e3d7d007153
  intercom_flutter: 8d770334049b36371acaa08d707a6e9b4c5bb9ce

PODFILE CHECKSUM: 4e8f8b2be68aeea4c0d5beb6ff1e79fface1d048

COCOAPODS: 1.8.4
